
Microsoft Visual Studio Solution File, Format Version 12.00
# Visual Studio Version 16
VisualStudioVersion = 16.0.29613.14
MinimumVisualStudioVersion = 10.0.40219.1
Project("{FAE04EC0-301F-11D3-BF4B-00C04F79EFBC}") = "LodgingApi", "LodgingApi\LodgingApi.csproj", "{EB7FA2C8-FA5A-4F48-90F0-E4EDCFD69BCD}"
EndProject
Global
	GlobalSection(SolutionConfigurationPlatforms) = preSolution
		Debug|Any CPU = Debug|Any CPU
		Release|Any CPU = Release|Any CPU
	EndGlobalSection
	GlobalSection(ProjectConfigurationPlatforms) = postSolution
		{EB7FA2C8-FA5A-4F48-90F0-E4EDCFD69BCD}.Debug|Any CPU.ActiveCfg = Debug|Any CPU
		{EB7FA2C8-FA5A-4F48-90F0-E4EDCFD69BCD}.Debug|Any CPU.Build.0 = Debug|Any CPU
		{EB7FA2C8-FA5A-4F48-90F0-E4EDCFD69BCD}.Release|Any CPU.ActiveCfg = Release|Any CPU
		{EB7FA2C8-FA5A-4F48-90F0-E4EDCFD69BCD}.Release|Any CPU.Build.0 = Release|Any CPU
	EndGlobalSection
	GlobalSection(SolutionProperties) = preSolution
		HideSolutionNode = FALSE
	EndGlobalSection
	GlobalSection(ExtensibilityGlobals) = postSolution
		SolutionGuid = {9E72EA14-7DA7-4007-89C1-FEFD673CFF72}
	EndGlobalSection
EndGlobal
